// !$*UTF8*$!
{
	archiveVersion = 1;
	classes = {
	};
	objectVersion = 56;
	objects = {

/* Begin PBXBuildFile section */
		40CEE6DFFBF633E3D7528ED2 /* Pods_BinPocket.framework in Frameworks */ = {isa = PBXBuildFile; fileRef = C2452731696B536007A8A57C /* Pods_BinPocket.framework */; };
		5805879029794D2A00DA5F5B /* Borderview.swift in Sources */ = {isa = PBXBuildFile; fileRef = 5805878F29794D2A00DA5F5B /* Borderview.swift */; };
		5805879329794EAC00DA5F5B /* CALayer.swift in Sources */ = {isa = PBXBuildFile; fileRef = 5805879229794EAC00DA5F5B /* CALayer.swift */; };
		582B7BAD2BF6E48400D942C6 /* CalendarViewController.swift in Sources */ = {isa = PBXBuildFile; fileRef = 582B7BAC2BF6E48400D942C6 /* CalendarViewController.swift */; };
		582B7BAF2BF6E4AF00D942C6 /* RankingViewController.swift in Sources */ = {isa = PBXBuildFile; fileRef = 582B7BAE2BF6E4AF00D942C6 /* RankingViewController.swift */; };
		582B7BB12BF6E56600D942C6 /* ListOfHistoryViewController.swift in Sources */ = {isa = PBXBuildFile; fileRef = 582B7BB02BF6E56600D942C6 /* ListOfHistoryViewController.swift */; };
		582B7BB62BF71E5D00D942C6 /* CalendarCollectionViewCell.swift in Sources */ = {isa = PBXBuildFile; fileRef = 582B7BB52BF71E5D00D942C6 /* CalendarCollectionViewCell.swift */; };
		583D7C812979482700F01023 /* Borderbutton.swift in Sources */ = {isa = PBXBuildFile; fileRef = 583D7C802979482700F01023 /* Borderbutton.swift */; };
		58492B8B297AE5240056A9A7 /* BorderCV.swift in Sources */ = {isa = PBXBuildFile; fileRef = 58492B8A297AE5240056A9A7 /* BorderCV.swift */; };
		5849E85529824CDC00088CA4 /* NanumBarunpenB.otf in Resources */ = {isa = PBXBuildFile; fileRef = 5849E85329824CDC00088CA4 /* NanumBarunpenB.otf */; };
		5849E85629824CDC00088CA4 /* NanumBarunpenR.otf in Resources */ = {isa = PBXBuildFile; fileRef = 5849E85429824CDC00088CA4 /* NanumBarunpenR.otf */; };
		58528E7F2997C0F500F7726F /* appImage.png in Resources */ = {isa = PBXBuildFile; fileRef = 58528E7E2997C0F400F7726F /* appImage.png */; };
		58528E812997C0FD00F7726F /* nameImage.png in Resources */ = {isa = PBXBuildFile; fileRef = 58528E802997C0FD00F7726F /* nameImage.png */; };
		58571E242A4EB27F0092D7C1 /* EditListVC.swift in Sources */ = {isa = PBXBuildFile; fileRef = 58571E232A4EB27F0092D7C1 /* EditListVC.swift */; };
		585742532ACD978200F16506 /* RankDetailCell.swift in Sources */ = {isa = PBXBuildFile; fileRef = 585742522ACD978200F16506 /* RankDetailCell.swift */; };
		58694FCE297904FF00817314 /* AppDelegate.swift in Sources */ = {isa = PBXBuildFile; fileRef = 58694FCD297904FF00817314 /* AppDelegate.swift */; };
		58694FD0297904FF00817314 /* SceneDelegate.swift in Sources */ = {isa = PBXBuildFile; fileRef = 58694FCF297904FF00817314 /* SceneDelegate.swift */; };
		58694FD2297904FF00817314 /* MainVC.swift in Sources */ = {isa = PBXBuildFile; fileRef = 58694FD1297904FF00817314 /* MainVC.swift */; };
		58694FD5297904FF00817314 /* Main.storyboard in Resources */ = {isa = PBXBuildFile; fileRef = 58694FD3297904FF00817314 /* Main.storyboard */; };
		58694FD72979050000817314 /* Assets.xcassets in Resources */ = {isa = PBXBuildFile; fileRef = 58694FD62979050000817314 /* Assets.xcassets */; };
		58694FDA2979050000817314 /* LaunchScreen.storyboard in Resources */ = {isa = PBXBuildFile; fileRef = 58694FD82979050000817314 /* LaunchScreen.storyboard */; };
		58694FE22979058D00817314 /* ViewlistVC.swift in Sources */ = {isa = PBXBuildFile; fileRef = 58694FE12979058D00817314 /* ViewlistVC.swift */; };
		58694FE4297905A200817314 /* AddlistVC.swift in Sources */ = {isa = PBXBuildFile; fileRef = 58694FE3297905A200817314 /* AddlistVC.swift */; };
		58694FE6297905D200817314 /* TotalListVC.swift in Sources */ = {isa = PBXBuildFile; fileRef = 58694FE5297905D200817314 /* TotalListVC.swift */; };
		5873E2522ACAF17100B31106 /* RankTableCell.swift in Sources */ = {isa = PBXBuildFile; fileRef = 5873E2512ACAF17100B31106 /* RankTableCell.swift */; };
		587E0B7A29982CE00007BB54 /* InfoPlist.strings in Resources */ = {isa = PBXBuildFile; fileRef = 587E0B7C29982CE00007BB54 /* InfoPlist.strings */; };
		588332732AAA07EA007630C9 /* SelectCategoryVC.swift in Sources */ = {isa = PBXBuildFile; fileRef = 588332722AAA07EA007630C9 /* SelectCategoryVC.swift */; };
		58A125B72997372B0068F86E /* RgbColorExt.swift in Sources */ = {isa = PBXBuildFile; fileRef = 58A125B62997372B0068F86E /* RgbColorExt.swift */; };
		58A125B9299737C80068F86E /* NotificationCenterName.swift in Sources */ = {isa = PBXBuildFile; fileRef = 58A125B8299737C80068F86E /* NotificationCenterName.swift */; };
		58A12F8B2985191D00FD668E /* TableCell.swift in Sources */ = {isa = PBXBuildFile; fileRef = 58A12F8A2985191D00FD668E /* TableCell.swift */; };
		58D848012986A25C00854DDD /* RealmData.swift in Sources */ = {isa = PBXBuildFile; fileRef = 58D848002986A25C00854DDD /* RealmData.swift */; };
		58D93C422A7E0B1A00141D7A /* FavoriteDataCell.swift in Sources */ = {isa = PBXBuildFile; fileRef = 58D93C412A7E0B1A00141D7A /* FavoriteDataCell.swift */; };
		58DD22E629927FA6001CBD84 /* TotalTableViewCell.swift in Sources */ = {isa = PBXBuildFile; fileRef = 58DD22E529927FA6001CBD84 /* TotalTableViewCell.swift */; };
		58ECD34D29965DBF00812DC9 /* SettingVC.swift in Sources */ = {isa = PBXBuildFile; fileRef = 58ECD34C29965DBF00812DC9 /* SettingVC.swift */; };
		58ECD34F2996623A00812DC9 /* SettingtableviewCell.swift in Sources */ = {isa = PBXBuildFile; fileRef = 58ECD34E2996623A00812DC9 /* SettingtableviewCell.swift */; };
		58F3923E2AADE5DD00C4119D /* CategoryCollectionViewCell.swift in Sources */ = {isa = PBXBuildFile; fileRef = 58F3923D2AADE5DD00C4119D /* CategoryCollectionViewCell.swift */; };
/* End PBXBuildFile section */

/* Begin PBXFileReference section */
		2264F30DDD142F89C6A26A00 /* Pods-BinPocket.debug.xcconfig */ = {isa = PBXFileReference; includeInIndex = 1; lastKnownFileType = text.xcconfig; name = "Pods-BinPocket.debug.xcconfig"; path = "Target Support Files/Pods-BinPocket/Pods-BinPocket.debug.xcconfig"; sourceTree = "<group>"; };
		5805878F29794D2A00DA5F5B /* Borderview.swift */ = {isa = PBXFileReference; lastKnownFileType = sourcecode.swift; path = Borderview.swift; sourceTree = "<group>"; };
		5805879229794EAC00DA5F5B /* CALayer.swift */ = {isa = PBXFileReference; lastKnownFileType = sourcecode.swift; path = CALayer.swift; sourceTree = "<group>"; };
		582B7BAC2BF6E48400D942C6 /* CalendarViewController.swift */ = {isa = PBXFileReference; lastKnownFileType = sourcecode.swift; path = CalendarViewController.swift; sourceTree = "<group>"; };
		582B7BAE2BF6E4AF00D942C6 /* RankingViewController.swift */ = {isa = PBXFileReference; lastKnownFileType = sourcecode.swift; path = RankingViewController.swift; sourceTree = "<group>"; };
		582B7BB02BF6E56600D942C6 /* ListOfHistoryViewController.swift */ = {isa = PBXFileReference; lastKnownFileType = sourcecode.swift; path = ListOfHistoryViewController.swift; sourceTree = "<group>"; };
		582B7BB52BF71E5D00D942C6 /* CalendarCollectionViewCell.swift */ = {isa = PBXFileReference; lastKnownFileType = sourcecode.swift; path = CalendarCollectionViewCell.swift; sourceTree = "<group>"; };
		583D7C802979482700F01023 /* Borderbutton.swift */ = {isa = PBXFileReference; lastKnownFileType = sourcecode.swift; path = Borderbutton.swift; sourceTree = "<group>"; };
		58492B8A297AE5240056A9A7 /* BorderCV.swift */ = {isa = PBXFileReference; lastKnownFileType = sourcecode.swift; path = BorderCV.swift; sourceTree = "<group>"; };
		5849E85329824CDC00088CA4 /* NanumBarunpenB.otf */ = {isa = PBXFileReference; lastKnownFileType = file; path = NanumBarunpenB.otf; sourceTree = "<group>"; };
		5849E85429824CDC00088CA4 /* NanumBarunpenR.otf */ = {isa = PBXFileReference; lastKnownFileType = file; path = NanumBarunpenR.otf; sourceTree = "<group>"; };
		58528E7E2997C0F400F7726F /* appImage.png */ = {isa = PBXFileReference; lastKnownFileType = image.png; path = appImage.png; sourceTree = "<group>"; };
		58528E802997C0FD00F7726F /* nameImage.png */ = {isa = PBXFileReference; lastKnownFileType = image.png; path = nameImage.png; sourceTree = "<group>"; };
		58571E232A4EB27F0092D7C1 /* EditListVC.swift */ = {isa = PBXFileReference; lastKnownFileType = sourcecode.swift; path = EditListVC.swift; sourceTree = "<group>"; };
		585742522ACD978200F16506 /* RankDetailCell.swift */ = {isa = PBXFileReference; lastKnownFileType = sourcecode.swift; path = RankDetailCell.swift; sourceTree = "<group>"; };
		58694FCA297904FF00817314 /* BinPocket.app */ = {isa = PBXFileReference; explicitFileType = wrapper.application; includeInIndex = 0; path = BinPocket.app; sourceTree = BUILT_PRODUCTS_DIR; };
		58694FCD297904FF00817314 /* AppDelegate.swift */ = {isa = PBXFileReference; lastKnownFileType = sourcecode.swift; path = AppDelegate.swift; sourceTree = "<group>"; };
		58694FCF297904FF00817314 /* SceneDelegate.swift */ = {isa = PBXFileReference; lastKnownFileType = sourcecode.swift; path = SceneDelegate.swift; sourceTree = "<group>"; };
		58694FD1297904FF00817314 /* MainVC.swift */ = {isa = PBXFileReference; lastKnownFileType = sourcecode.swift; path = MainVC.swift; sourceTree = "<group>"; };
		58694FD4297904FF00817314 /* Base */ = {isa = PBXFileReference; lastKnownFileType = file.storyboard; name = Base; path = Base.lproj/Main.storyboard; sourceTree = "<group>"; };
		58694FD62979050000817314 /* Assets.xcassets */ = {isa = PBXFileReference; lastKnownFileType = folder.assetcatalog; path = Assets.xcassets; sourceTree = "<group>"; };
		58694FD92979050000817314 /* Base */ = {isa = PBXFileReference; lastKnownFileType = file.storyboard; name = Base; path = Base.lproj/LaunchScreen.storyboard; sourceTree = "<group>"; };
		58694FDB2979050000817314 /* Info.plist */ = {isa = PBXFileReference; lastKnownFileType = text.plist.xml; path = Info.plist; sourceTree = "<group>"; };
		58694FE12979058D00817314 /* ViewlistVC.swift */ = {isa = PBXFileReference; lastKnownFileType = sourcecode.swift; path = ViewlistVC.swift; sourceTree = "<group>"; };
		58694FE3297905A200817314 /* AddlistVC.swift */ = {isa = PBXFileReference; lastKnownFileType = sourcecode.swift; path = AddlistVC.swift; sourceTree = "<group>"; };
		58694FE5297905D200817314 /* TotalListVC.swift */ = {isa = PBXFileReference; lastKnownFileType = sourcecode.swift; path = TotalListVC.swift; sourceTree = "<group>"; };
		5873E2512ACAF17100B31106 /* RankTableCell.swift */ = {isa = PBXFileReference; lastKnownFileType = sourcecode.swift; path = RankTableCell.swift; sourceTree = "<group>"; };
		5878BC732998190F00C0133C /* ko */ = {isa = PBXFileReference; lastKnownFileType = text.plist.strings; name = ko; path = ko.lproj/Main.strings; sourceTree = "<group>"; };
		5878BC742998190F00C0133C /* ko */ = {isa = PBXFileReference; lastKnownFileType = text.plist.strings; name = ko; path = ko.lproj/LaunchScreen.strings; sourceTree = "<group>"; };
		5878BC752998192C00C0133C /* ko */ = {isa = PBXFileReference; lastKnownFileType = text.plist.strings; name = ko; path = ko.lproj/Main.strings; sourceTree = "<group>"; };
		5878BC762998192E00C0133C /* ko */ = {isa = PBXFileReference; lastKnownFileType = text.plist.strings; name = ko; path = ko.lproj/LaunchScreen.strings; sourceTree = "<group>"; };
		587E0B7B29982CE00007BB54 /* ko */ = {isa = PBXFileReference; lastKnownFileType = text.plist.strings; name = ko; path = ko.lproj/InfoPlist.strings; sourceTree = "<group>"; };
		588332722AAA07EA007630C9 /* SelectCategoryVC.swift */ = {isa = PBXFileReference; lastKnownFileType = sourcecode.swift; path = SelectCategoryVC.swift; sourceTree = "<group>"; };
		58A125B62997372B0068F86E /* RgbColorExt.swift */ = {isa = PBXFileReference; lastKnownFileType = sourcecode.swift; path = RgbColorExt.swift; sourceTree = "<group>"; };
		58A125B8299737C80068F86E /* NotificationCenterName.swift */ = {isa = PBXFileReference; lastKnownFileType = sourcecode.swift; path = NotificationCenterName.swift; sourceTree = "<group>"; };
		58A12F8A2985191D00FD668E /* TableCell.swift */ = {isa = PBXFileReference; lastKnownFileType = sourcecode.swift; path = TableCell.swift; sourceTree = "<group>"; };
		58A1E4DE2BFCE73800F00ED8 /* Pods-BinPocket-acknowledgements.markdown */ = {isa = PBXFileReference; lastKnownFileType = net.daringfireball.markdown; path = "Pods-BinPocket-acknowledgements.markdown"; sourceTree = "<group>"; };
		58A1E4DF2BFCE73800F00ED8 /* Pods-BinPocket-acknowledgements.plist */ = {isa = PBXFileReference; lastKnownFileType = text.plist.xml; path = "Pods-BinPocket-acknowledgements.plist"; sourceTree = "<group>"; };
		58A1E4E02BFCE73800F00ED8 /* Pods-BinPocket-dummy.m */ = {isa = PBXFileReference; lastKnownFileType = sourcecode.c.objc; path = "Pods-BinPocket-dummy.m"; sourceTree = "<group>"; };
		58A1E4E12BFCE73800F00ED8 /* Pods-BinPocket-frameworks-Debug-input-files.xcfilelist */ = {isa = PBXFileReference; lastKnownFileType = text.xcfilelist; path = "Pods-BinPocket-frameworks-Debug-input-files.xcfilelist"; sourceTree = "<group>"; };
		58A1E4E22BFCE73800F00ED8 /* Pods-BinPocket-frameworks-Debug-output-files.xcfilelist */ = {isa = PBXFileReference; lastKnownFileType = text.xcfilelist; path = "Pods-BinPocket-frameworks-Debug-output-files.xcfilelist"; sourceTree = "<group>"; };
		58A1E4E32BFCE73800F00ED8 /* Pods-BinPocket-frameworks-Release-input-files.xcfilelist */ = {isa = PBXFileReference; lastKnownFileType = text.xcfilelist; path = "Pods-BinPocket-frameworks-Release-input-files.xcfilelist"; sourceTree = "<group>"; };
		58A1E4E42BFCE73800F00ED8 /* Pods-BinPocket-frameworks-Release-output-files.xcfilelist */ = {isa = PBXFileReference; lastKnownFileType = text.xcfilelist; path = "Pods-BinPocket-frameworks-Release-output-files.xcfilelist"; sourceTree = "<group>"; };
		58A1E4E52BFCE73800F00ED8 /* Pods-BinPocket-frameworks.sh */ = {isa = PBXFileReference; lastKnownFileType = text.script.sh; path = "Pods-BinPocket-frameworks.sh"; sourceTree = "<group>"; };
		58A1E4E62BFCE73800F00ED8 /* Pods-BinPocket-Info.plist */ = {isa = PBXFileReference; lastKnownFileType = text.plist.xml; path = "Pods-BinPocket-Info.plist"; sourceTree = "<group>"; };
		58A1E4E72BFCE73800F00ED8 /* Pods-BinPocket-umbrella.h */ = {isa = PBXFileReference; lastKnownFileType = sourcecode.c.h; path = "Pods-BinPocket-umbrella.h"; sourceTree = "<group>"; };
		58A1E4E82BFCE73800F00ED8 /* Pods-BinPocket.debug.xcconfig */ = {isa = PBXFileReference; lastKnownFileType = text.xcconfig; path = "Pods-BinPocket.debug.xcconfig"; sourceTree = "<group>"; };
		58A1E4E92BFCE73800F00ED8 /* Pods-BinPocket.modulemap */ = {isa = PBXFileReference; lastKnownFileType = "sourcecode.module-map"; path = "Pods-BinPocket.modulemap"; sourceTree = "<group>"; };
		58A1E4EA2BFCE73800F00ED8 /* Pods-BinPocket.release.xcconfig */ = {isa = PBXFileReference; lastKnownFileType = text.xcconfig; path = "Pods-BinPocket.release.xcconfig"; sourceTree = "<group>"; };
		58D848002986A25C00854DDD /* RealmData.swift */ = {isa = PBXFileReference; lastKnownFileType = sourcecode.swift; path = RealmData.swift; sourceTree = "<group>"; };
		58D93C412A7E0B1A00141D7A /* FavoriteDataCell.swift */ = {isa = PBXFileReference; lastKnownFileType = sourcecode.swift; path = FavoriteDataCell.swift; sourceTree = "<group>"; };
		58DD22E529927FA6001CBD84 /* TotalTableViewCell.swift */ = {isa = PBXFileReference; lastKnownFileType = sourcecode.swift; path = TotalTableViewCell.swift; sourceTree = "<group>"; };
		58ECD34C29965DBF00812DC9 /* SettingVC.swift */ = {isa = PBXFileReference; lastKnownFileType = sourcecode.swift; path = SettingVC.swift; sourceTree = "<group>"; };
		58ECD34E2996623A00812DC9 /* SettingtableviewCell.swift */ = {isa = PBXFileReference; lastKnownFileType = sourcecode.swift; path = SettingtableviewCell.swift; sourceTree = "<group>"; };
		58F3923D2AADE5DD00C4119D /* CategoryCollectionViewCell.swift */ = {isa = PBXFileReference; lastKnownFileType = sourcecode.swift; path = CategoryCollectionViewCell.swift; sourceTree = "<group>"; };
		96C17D911AB3536243F69688 /* Pods-BinPocket.release.xcconfig */ = {isa = PBXFileReference; includeInIndex = 1; lastKnownFileType = text.xcconfig; name = "Pods-BinPocket.release.xcconfig"; path = "Target Support Files/Pods-BinPocket/Pods-BinPocket.release.xcconfig"; sourceTree = "<group>"; };
		C2452731696B536007A8A57C /* Pods_BinPocket.framework */ = {isa = PBXFileReference; explicitFileType = wrapper.framework; includeInIndex = 0; path = Pods_BinPocket.framework; sourceTree = BUILT_PRODUCTS_DIR; };
/* End PBXFileReference section */

/* Begin PBXFrameworksBuildPhase section */
		58694FC7297904FF00817314 /* Frameworks */ = {
			isa = PBXFrameworksBuildPhase;
			buildActionMask = 2147483647;
			files = (
				40CEE6DFFBF633E3D7528ED2 /* Pods_BinPocket.framework in Frameworks */,
			);
			runOnlyForDeploymentPostprocessing = 0;
		};
/* End PBXFrameworksBuildPhase section */

/* Begin PBXGroup section */
		014EAA7C53CD912CE419DC49 /* Frameworks */ = {
			isa = PBXGroup;
			children = (
				C2452731696B536007A8A57C /* Pods_BinPocket.framework */,
			);
			name = Frameworks;
			sourceTree = "<group>";
		};
		1DFCA8D7B1FB27F3391AB454 /* Pods */ = {
			isa = PBXGroup;
			children = (
				2264F30DDD142F89C6A26A00 /* Pods-BinPocket.debug.xcconfig */,
				96C17D911AB3536243F69688 /* Pods-BinPocket.release.xcconfig */,
			);
			path = Pods;
			sourceTree = "<group>";
		};
		5805879129794E8700DA5F5B /* extensions */ = {
			isa = PBXGroup;
			children = (
				5805879229794EAC00DA5F5B /* CALayer.swift */,
				58A125B62997372B0068F86E /* RgbColorExt.swift */,
				58A125B8299737C80068F86E /* NotificationCenterName.swift */,
			);
			path = extensions;
			sourceTree = "<group>";
		};
		581BB1C92BC00D7200334061 /* First Tab Item */ = {
			isa = PBXGroup;
			children = (
				582B7BAC2BF6E48400D942C6 /* CalendarViewController.swift */,
				582B7BB52BF71E5D00D942C6 /* CalendarCollectionViewCell.swift */,
			);
			path = "First Tab Item";
			sourceTree = "<group>";
		};
		582B7BB22BF7199F00D942C6 /* Before Refactoring */ = {
			isa = PBXGroup;
			children = (
				58694FE72979064D00817314 /* font */,
				58528E7B2997BAD300F7726F /* images */,
				58FFA0A42BB44D0100599380 /* ViewController */,
				58694FD3297904FF00817314 /* Main.storyboard */,
				583D7C7F297947C200F01023 /* components */,
				5805879129794E8700DA5F5B /* extensions */,
			);
			path = "Before Refactoring";
			sourceTree = "<group>";
		};
		582B7BB32BF71E1200D942C6 /* Second Tab Item */ = {
			isa = PBXGroup;
			children = (
				582B7BAE2BF6E4AF00D942C6 /* RankingViewController.swift */,
			);
			path = "Second Tab Item";
			sourceTree = "<group>";
		};
		582B7BB42BF71E1D00D942C6 /* Third Tab Item */ = {
			isa = PBXGroup;
			children = (
				582B7BB02BF6E56600D942C6 /* ListOfHistoryViewController.swift */,
			);
			path = "Third Tab Item";
			sourceTree = "<group>";
		};
		583D7C7F297947C200F01023 /* components */ = {
			isa = PBXGroup;
			children = (
				583D7C802979482700F01023 /* Borderbutton.swift */,
				58DD22E529927FA6001CBD84 /* TotalTableViewCell.swift */,
				5805878F29794D2A00DA5F5B /* Borderview.swift */,
				58492B8A297AE5240056A9A7 /* BorderCV.swift */,
				58ECD34E2996623A00812DC9 /* SettingtableviewCell.swift */,
				58A12F8A2985191D00FD668E /* TableCell.swift */,
				58D93C412A7E0B1A00141D7A /* FavoriteDataCell.swift */,
				58F3923D2AADE5DD00C4119D /* CategoryCollectionViewCell.swift */,
				5873E2512ACAF17100B31106 /* RankTableCell.swift */,
				585742522ACD978200F16506 /* RankDetailCell.swift */,
			);
			path = components;
			sourceTree = "<group>";
		};
		58528E7B2997BAD300F7726F /* images */ = {
			isa = PBXGroup;
			children = (
				58528E7E2997C0F400F7726F /* appImage.png */,
				58528E802997C0FD00F7726F /* nameImage.png */,
			);
			path = images;
			sourceTree = "<group>";
		};
		58694FC1297904FF00817314 = {
			isa = PBXGroup;
			children = (
				58A1E4EB2BFCE73800F00ED8 /* Pods-BinPocket */,
				58694FCC297904FF00817314 /* BinPocket */,
				58694FCB297904FF00817314 /* Products */,
				1DFCA8D7B1FB27F3391AB454 /* Pods */,
				014EAA7C53CD912CE419DC49 /* Frameworks */,
			);
			sourceTree = "<group>";
		};
		58694FCB297904FF00817314 /* Products */ = {
			isa = PBXGroup;
			children = (
				58694FCA297904FF00817314 /* BinPocket.app */,
			);
			name = Products;
			sourceTree = "<group>";
		};
		58694FCC297904FF00817314 /* BinPocket */ = {
			isa = PBXGroup;
			children = (
				582B7BB22BF7199F00D942C6 /* Before Refactoring */,
				58694FCD297904FF00817314 /* AppDelegate.swift */,
				58694FCF297904FF00817314 /* SceneDelegate.swift */,
				58694FD62979050000817314 /* Assets.xcassets */,
				58694FD82979050000817314 /* LaunchScreen.storyboard */,
				587E0B7C29982CE00007BB54 /* InfoPlist.strings */,
				58FFA0A52BB44D2200599380 /* Realm */,
				58694FDB2979050000817314 /* Info.plist */,
				58FFA0A62BB44D2D00599380 /* Refactoring */,
			);
			path = BinPocket;
			sourceTree = "<group>";
		};
		58694FE72979064D00817314 /* font */ = {
			isa = PBXGroup;
			children = (
				5849E85329824CDC00088CA4 /* NanumBarunpenB.otf */,
				5849E85429824CDC00088CA4 /* NanumBarunpenR.otf */,
			);
			path = font;
			sourceTree = "<group>";
		};
		58A1E4EB2BFCE73800F00ED8 /* Pods-BinPocket */ = {
			isa = PBXGroup;
			children = (
				58A1E4DE2BFCE73800F00ED8 /* Pods-BinPocket-acknowledgements.markdown */,
				58A1E4DF2BFCE73800F00ED8 /* Pods-BinPocket-acknowledgements.plist */,
				58A1E4E02BFCE73800F00ED8 /* Pods-BinPocket-dummy.m */,
				58A1E4E12BFCE73800F00ED8 /* Pods-BinPocket-frameworks-Debug-input-files.xcfilelist */,
				58A1E4E22BFCE73800F00ED8 /* Pods-BinPocket-frameworks-Debug-output-files.xcfilelist */,
				58A1E4E32BFCE73800F00ED8 /* Pods-BinPocket-frameworks-Release-input-files.xcfilelist */,
				58A1E4E42BFCE73800F00ED8 /* Pods-BinPocket-frameworks-Release-output-files.xcfilelist */,
				58A1E4E52BFCE73800F00ED8 /* Pods-BinPocket-frameworks.sh */,
				58A1E4E62BFCE73800F00ED8 /* Pods-BinPocket-Info.plist */,
				58A1E4E72BFCE73800F00ED8 /* Pods-BinPocket-umbrella.h */,
				58A1E4E82BFCE73800F00ED8 /* Pods-BinPocket.debug.xcconfig */,
				58A1E4E92BFCE73800F00ED8 /* Pods-BinPocket.modulemap */,
				58A1E4EA2BFCE73800F00ED8 /* Pods-BinPocket.release.xcconfig */,
			);
			path = "Pods-BinPocket";
			sourceTree = "<group>";
		};
		58FFA0A42BB44D0100599380 /* ViewController */ = {
			isa = PBXGroup;
			children = (
				58694FD1297904FF00817314 /* MainVC.swift */,
				58ECD34C29965DBF00812DC9 /* SettingVC.swift */,
				58571E232A4EB27F0092D7C1 /* EditListVC.swift */,
				58694FE12979058D00817314 /* ViewlistVC.swift */,
				588332722AAA07EA007630C9 /* SelectCategoryVC.swift */,
				58694FE3297905A200817314 /* AddlistVC.swift */,
				58694FE5297905D200817314 /* TotalListVC.swift */,
			);
			path = ViewController;
			sourceTree = "<group>";
		};
		58FFA0A52BB44D2200599380 /* Realm */ = {
			isa = PBXGroup;
			children = (
				58D848002986A25C00854DDD /* RealmData.swift */,
			);
			path = Realm;
			sourceTree = "<group>";
		};
		58FFA0A62BB44D2D00599380 /* Refactoring */ = {
			isa = PBXGroup;
			children = (
				581BB1C92BC00D7200334061 /* First Tab Item */,
				582B7BB32BF71E1200D942C6 /* Second Tab Item */,
				582B7BB42BF71E1D00D942C6 /* Third Tab Item */,
			);
			path = Refactoring;
			sourceTree = "<group>";
		};
/* End PBXGroup section */

/* Begin PBXNativeTarget section */
		58694FC9297904FF00817314 /* BinPocket */ = {
			isa = PBXNativeTarget;
			buildConfigurationList = 58694FDE2979050000817314 /* Build configuration list for PBXNativeTarget "BinPocket" */;
			buildPhases = (
				73E0AC1E2485EF5B8921328E /* [CP] Check Pods Manifest.lock */,
				58694FC6297904FF00817314 /* Sources */,
				58694FC7297904FF00817314 /* Frameworks */,
				58694FC8297904FF00817314 /* Resources */,
				BB03FDECD91918849803F766 /* [CP] Embed Pods Frameworks */,
			);
			buildRules = (
			);
			dependencies = (
			);
			name = BinPocket;
			productName = SaveMoney;
			productReference = 58694FCA297904FF00817314 /* BinPocket.app */;
			productType = "com.apple.product-type.application";
		};
/* End PBXNativeTarget section */

/* Begin PBXProject section */
		58694FC2297904FF00817314 /* Project object */ = {
			isa = PBXProject;
			attributes = {
				BuildIndependentTargetsInParallel = 1;
				LastSwiftUpdateCheck = 1420;
				LastUpgradeCheck = 1420;
				TargetAttributes = {
					58694FC9297904FF00817314 = {
						CreatedOnToolsVersion = 14.2;
					};
				};
			};
			buildConfigurationList = 58694FC5297904FF00817314 /* Build configuration list for PBXProject "BinPocket" */;
			compatibilityVersion = "Xcode 14.0";
			developmentRegion = ko;
			hasScannedForEncodings = 0;
			knownRegions = (
				ko,
				Base,
				ko,
			);
			mainGroup = 58694FC1297904FF00817314;
			productRefGroup = 58694FCB297904FF00817314 /* Products */;
			projectDirPath = "";
			projectRoot = "";
			targets = (
				58694FC9297904FF00817314 /* BinPocket */,
			);
		};
/* End PBXProject section */

/* Begin PBXResourcesBuildPhase section */
		58694FC8297904FF00817314 /* Resources */ = {
			isa = PBXResourcesBuildPhase;
			buildActionMask = 2147483647;
			files = (
				58528E7F2997C0F500F7726F /* appImage.png in Resources */,
				587E0B7A29982CE00007BB54 /* InfoPlist.strings in Resources */,
				58694FDA2979050000817314 /* LaunchScreen.storyboard in Resources */,
				5849E85529824CDC00088CA4 /* NanumBarunpenB.otf in Resources */,
				58694FD72979050000817314 /* Assets.xcassets in Resources */,
				5849E85629824CDC00088CA4 /* NanumBarunpenR.otf in Resources */,
				58528E812997C0FD00F7726F /* nameImage.png in Resources */,
				58694FD5297904FF00817314 /* Main.storyboard in Resources */,
			);
			runOnlyForDeploymentPostprocessing = 0;
		};
/* End PBXResourcesBuildPhase section */

/* Begin PBXShellScriptBuildPhase section */
		73E0AC1E2485EF5B8921328E /* [CP] Check Pods Manifest.lock */ = {
			isa = PBXShellScriptBuildPhase;
			buildActionMask = 2147483647;
			files = (
			);
			inputFileListPaths = (
			);
			inputPaths = (
				"${PODS_PODFILE_DIR_PATH}/Podfile.lock",
				"${PODS_ROOT}/Manifest.lock",
			);
			name = "[CP] Check Pods Manifest.lock";
			outputFileListPaths = (
			);
			outputPaths = (
				"$(DERIVED_FILE_DIR)/Pods-BinPocket-checkManifestLockResult.txt",
			);
			runOnlyForDeploymentPostprocessing = 0;
			shellPath = /bin/sh;
			shellScript = "diff \"${PODS_PODFILE_DIR_PATH}/Podfile.lock\" \"${PODS_ROOT}/Manifest.lock\" > /dev/null\nif [ $? != 0 ] ; then\n    # print error to STDERR\n    echo \"error: The sandbox is not in sync with the Podfile.lock. Run 'pod install' or update your CocoaPods installation.\" >&2\n    exit 1\nfi\n# This output is used by Xcode 'outputs' to avoid re-running this script phase.\necho \"SUCCESS\" > \"${SCRIPT_OUTPUT_FILE_0}\"\n";
			showEnvVarsInLog = 0;
		};
		BB03FDECD91918849803F766 /* [CP] Embed Pods Frameworks */ = {
			isa = PBXShellScriptBuildPhase;
			buildActionMask = 2147483647;
			files = (
			);
			inputFileListPaths = (
				"${PODS_ROOT}/Target Support Files/Pods-BinPocket/Pods-BinPocket-frameworks-${CONFIGURATION}-input-files.xcfilelist",
			);
			name = "[CP] Embed Pods Frameworks";
			outputFileListPaths = (
				"${PODS_ROOT}/Target Support Files/Pods-BinPocket/Pods-BinPocket-frameworks-${CONFIGURATION}-output-files.xcfilelist",
			);
			runOnlyForDeploymentPostprocessing = 0;
			shellPath = /bin/sh;
			shellScript = "\"${PODS_ROOT}/Target Support Files/Pods-BinPocket/Pods-BinPocket-frameworks.sh\"\n";
			showEnvVarsInLog = 0;
		};
/* End PBXShellScriptBuildPhase section */

/* Begin PBXSourcesBuildPhase section */
		58694FC6297904FF00817314 /* Sources */ = {
			isa = PBXSourcesBuildPhase;
			buildActionMask = 2147483647;
			files = (
				582B7BAD2BF6E48400D942C6 /* CalendarViewController.swift in Sources */,
				5805879329794EAC00DA5F5B /* CALayer.swift in Sources */,
				58ECD34D29965DBF00812DC9 /* SettingVC.swift in Sources */,
				58DD22E629927FA6001CBD84 /* TotalTableViewCell.swift in Sources */,
				58694FD2297904FF00817314 /* MainVC.swift in Sources */,
				582B7BAF2BF6E4AF00D942C6 /* RankingViewController.swift in Sources */,
				583D7C812979482700F01023 /* Borderbutton.swift in Sources */,
				5805879029794D2A00DA5F5B /* Borderview.swift in Sources */,
				58694FCE297904FF00817314 /* AppDelegate.swift in Sources */,
				58A125B72997372B0068F86E /* RgbColorExt.swift in Sources */,
				582B7BB12BF6E56600D942C6 /* ListOfHistoryViewController.swift in Sources */,
				588332732AAA07EA007630C9 /* SelectCategoryVC.swift in Sources */,
				58571E242A4EB27F0092D7C1 /* EditListVC.swift in Sources */,
				58A125B9299737C80068F86E /* NotificationCenterName.swift in Sources */,
				58694FD0297904FF00817314 /* SceneDelegate.swift in Sources */,
				58492B8B297AE5240056A9A7 /* BorderCV.swift in Sources */,
				58694FE22979058D00817314 /* ViewlistVC.swift in Sources */,
				585742532ACD978200F16506 /* RankDetailCell.swift in Sources */,
				5873E2522ACAF17100B31106 /* RankTableCell.swift in Sources */,
				58D848012986A25C00854DDD /* RealmData.swift in Sources */,
				58A12F8B2985191D00FD668E /* TableCell.swift in Sources */,
				58D93C422A7E0B1A00141D7A /* FavoriteDataCell.swift in Sources */,
				58ECD34F2996623A00812DC9 /* SettingtableviewCell.swift in Sources */,
				58694FE4297905A200817314 /* AddlistVC.swift in Sources */,
				582B7BB62BF71E5D00D942C6 /* CalendarCollectionViewCell.swift in Sources */,
				58F3923E2AADE5DD00C4119D /* CategoryCollectionViewCell.swift in Sources */,
				58694FE6297905D200817314 /* TotalListVC.swift in Sources */,
			);
			runOnlyForDeploymentPostprocessing = 0;
		};
/* End PBXSourcesBuildPhase section */

/* Begin PBXVariantGroup section */
		58694FD3297904FF00817314 /* Main.storyboard */ = {
			isa = PBXVariantGroup;
			children = (
				58694FD4297904FF00817314 /* Base */,
				5878BC732998190F00C0133C /* ko */,
				5878BC752998192C00C0133C /* ko */,
			);
			name = Main.storyboard;
			sourceTree = "<group>";
		};
		58694FD82979050000817314 /* LaunchScreen.storyboard */ = {
			isa = PBXVariantGroup;
			children = (
				58694FD92979050000817314 /* Base */,
				5878BC742998190F00C0133C /* ko */,
				5878BC762998192E00C0133C /* ko */,
			);
			name = LaunchScreen.storyboard;
			sourceTree = "<group>";
		};
		587E0B7C29982CE00007BB54 /* InfoPlist.strings */ = {
			isa = PBXVariantGroup;
			children = (
				587E0B7B29982CE00007BB54 /* ko */,
			);
			name = InfoPlist.strings;
			sourceTree = "<group>";
		};
/* End PBXVariantGroup section */

/* Begin XCBuildConfiguration section */
		58694FDC2979050000817314 /* Debug */ = {
			isa = XCBuildConfiguration;
			buildSettings = {
				ALWAYS_SEARCH_USER_PATHS = NO;
				CLANG_ANALYZER_LOCALIZABILITY_NONLOCALIZED = YES;
				CLANG_ANALYZER_NONNULL = YES;
				CLANG_ANALYZER_NUMBER_OBJECT_CONVERSION = YES_AGGRESSIVE;
				CLANG_CXX_LANGUAGE_STANDARD = "gnu++20";
				CLANG_ENABLE_MODULES = YES;
				CLANG_ENABLE_OBJC_ARC = YES;
				CLANG_ENABLE_OBJC_WEAK = YES;
				CLANG_WARN_BLOCK_CAPTURE_AUTORELEASING = YES;
				CLANG_WARN_BOOL_CONVERSION = YES;
				CLANG_WARN_COMMA = YES;
				CLANG_WARN_CONSTANT_CONVERSION = YES;
				CLANG_WARN_DEPRECATED_OBJC_IMPLEMENTATIONS = YES;
				CLANG_WARN_DIRECT_OBJC_ISA_USAGE = YES_ERROR;
				CLANG_WARN_DOCUMENTATION_COMMENTS = YES;
				CLANG_WARN_EMPTY_BODY = YES;
				CLANG_WARN_ENUM_CONVERSION = YES;
				CLANG_WARN_INFINITE_RECURSION = YES;
				CLANG_WARN_INT_CONVERSION = YES;
				CLANG_WARN_NON_LITERAL_NULL_CONVERSION = YES;
				CLANG_WARN_OBJC_IMPLICIT_RETAIN_SELF = YES;
				CLANG_WARN_OBJC_LITERAL_CONVERSION = YES;
				CLANG_WARN_OBJC_ROOT_CLASS = YES_ERROR;
				CLANG_WARN_QUOTED_INCLUDE_IN_FRAMEWORK_HEADER = YES;
				CLANG_WARN_RANGE_LOOP_ANALYSIS = YES;
				CLANG_WARN_STRICT_PROTOTYPES = YES;
				CLANG_WARN_SUSPICIOUS_MOVE = YES;
				CLANG_WARN_UNGUARDED_AVAILABILITY = YES_AGGRESSIVE;
				CLANG_WARN_UNREACHABLE_CODE = YES;
				CLANG_WARN__DUPLICATE_METHOD_MATCH = YES;
				COPY_PHASE_STRIP = NO;
				DEBUG_INFORMATION_FORMAT = dwarf;
				ENABLE_STRICT_OBJC_MSGSEND = YES;
				ENABLE_TESTABILITY = YES;
				EXCLUDED_ARCHS = "";
				GCC_C_LANGUAGE_STANDARD = gnu11;
				GCC_DYNAMIC_NO_PIC = NO;
				GCC_NO_COMMON_BLOCKS = YES;
				GCC_OPTIMIZATION_LEVEL = 0;
				GCC_PREPROCESSOR_DEFINITIONS = (
					"DEBUG=1",
					"$(inherited)",
				);
				GCC_WARN_64_TO_32_BIT_CONVERSION = YES;
				GCC_WARN_ABOUT_RETURN_TYPE = YES_ERROR;
				GCC_WARN_UNDECLARED_SELECTOR = YES;
				GCC_WARN_UNINITIALIZED_AUTOS = YES_AGGRESSIVE;
				GCC_WARN_UNUSED_FUNCTION = YES;
				GCC_WARN_UNUSED_VARIABLE = YES;
				IPHONEOS_DEPLOYMENT_TARGET = 16.2;
				MTL_ENABLE_DEBUG_INFO = INCLUDE_SOURCE;
				MTL_FAST_MATH = YES;
				ONLY_ACTIVE_ARCH = YES;
				SDKROOT = iphoneos;
				SWIFT_ACTIVE_COMPILATION_CONDITIONS = DEBUG;
				SWIFT_OPTIMIZATION_LEVEL = "-Onone";
			};
			name = Debug;
		};
		58694FDD2979050000817314 /* Release */ = {
			isa = XCBuildConfiguration;
			buildSettings = {
				ALWAYS_SEARCH_USER_PATHS = NO;
				CLANG_ANALYZER_LOCALIZABILITY_NONLOCALIZED = YES;
				CLANG_ANALYZER_NONNULL = YES;
				CLANG_ANALYZER_NUMBER_OBJECT_CONVERSION = YES_AGGRESSIVE;
				CLANG_CXX_LANGUAGE_STANDARD = "gnu++20";
				CLANG_ENABLE_MODULES = YES;
				CLANG_ENABLE_OBJC_ARC = YES;
				CLANG_ENABLE_OBJC_WEAK = YES;
				CLANG_WARN_BLOCK_CAPTURE_AUTORELEASING = YES;
				CLANG_WARN_BOOL_CONVERSION = YES;
				CLANG_WARN_COMMA = YES;
				CLANG_WARN_CONSTANT_CONVERSION = YES;
				CLANG_WARN_DEPRECATED_OBJC_IMPLEMENTATIONS = YES;
				CLANG_WARN_DIRECT_OBJC_ISA_USAGE = YES_ERROR;
				CLANG_WARN_DOCUMENTATION_COMMENTS = YES;
				CLANG_WARN_EMPTY_BODY = YES;
				CLANG_WARN_ENUM_CONVERSION = YES;
				CLANG_WARN_INFINITE_RECURSION = YES;
				CLANG_WARN_INT_CONVERSION = YES;
				CLANG_WARN_NON_LITERAL_NULL_CONVERSION = YES;
				CLANG_WARN_OBJC_IMPLICIT_RETAIN_SELF = YES;
				CLANG_WARN_OBJC_LITERAL_CONVERSION = YES;
				CLANG_WARN_OBJC_ROOT_CLASS = YES_ERROR;
				CLANG_WARN_QUOTED_INCLUDE_IN_FRAMEWORK_HEADER = YES;
				CLANG_WARN_RANGE_LOOP_ANALYSIS = YES;
				CLANG_WARN_STRICT_PROTOTYPES = YES;
				CLANG_WARN_SUSPICIOUS_MOVE = YES;
				CLANG_WARN_UNGUARDED_AVAILABILITY = YES_AGGRESSIVE;
				CLANG_WARN_UNREACHABLE_CODE = YES;
				CLANG_WARN__DUPLICATE_METHOD_MATCH = YES;
				COPY_PHASE_STRIP = NO;
				DEBUG_INFORMATION_FORMAT = "dwarf-with-dsym";
				ENABLE_NS_ASSERTIONS = NO;
				ENABLE_STRICT_OBJC_MSGSEND = YES;
				GCC_C_LANGUAGE_STANDARD = gnu11;
				GCC_NO_COMMON_BLOCKS = YES;
				GCC_WARN_64_TO_32_BIT_CONVERSION = YES;
				GCC_WARN_ABOUT_RETURN_TYPE = YES_ERROR;
				GCC_WARN_UNDECLARED_SELECTOR = YES;
				GCC_WARN_UNINITIALIZED_AUTOS = YES_AGGRESSIVE;
				GCC_WARN_UNUSED_FUNCTION = YES;
				GCC_WARN_UNUSED_VARIABLE = YES;
				IPHONEOS_DEPLOYMENT_TARGET = 16.2;
				MTL_ENABLE_DEBUG_INFO = NO;
				MTL_FAST_MATH = YES;
				SDKROOT = iphoneos;
				SWIFT_COMPILATION_MODE = wholemodule;
				SWIFT_OPTIMIZATION_LEVEL = "-O";
				VALIDATE_PRODUCT = YES;
			};
			name = Release;
		};
		58694FDF2979050000817314 /* Debug */ = {
			isa = XCBuildConfiguration;
			baseConfigurationReference = 2264F30DDD142F89C6A26A00 /* Pods-BinPocket.debug.xcconfig */;
			buildSettings = {
				ASSETCATALOG_COMPILER_APPICON_NAME = AppIcon;
				ASSETCATALOG_COMPILER_GLOBAL_ACCENT_COLOR_NAME = AccentColor;
				CODE_SIGN_STYLE = Automatic;
				CURRENT_PROJECT_VERSION = 1;
				DEVELOPMENT_TEAM = P95R3MRRWK;
				GENERATE_INFOPLIST_FILE = YES;
				INFOPLIST_FILE = BinPocket/Info.plist;
				INFOPLIST_KEY_UIApplicationSupportsIndirectInputEvents = YES;
				INFOPLIST_KEY_UILaunchStoryboardName = LaunchScreen;
				INFOPLIST_KEY_UIMainStoryboardFile = Main;
				INFOPLIST_KEY_UISupportedInterfaceOrientations_iPad = "UIInterfaceOrientationPortraitUpsideDown UIInterfaceOrientationPortrait UIInterfaceOrientationLandscapeLeft UIInterfaceOrientationLandscapeRight";
				INFOPLIST_KEY_UISupportedInterfaceOrientations_iPhone = "UIInterfaceOrientationPortrait UIInterfaceOrientationPortrait";
				IPHONEOS_DEPLOYMENT_TARGET = 16.0;
				LD_RUNPATH_SEARCH_PATHS = (
					"$(inherited)",
					"@executable_path/Frameworks",
				);
				MARKETING_VERSION = 1.1.1;
				PRODUCT_BUNDLE_IDENTIFIER = kr.Bin.BinPocket;
				PRODUCT_NAME = "$(TARGET_NAME)";
				SUPPORTED_PLATFORMS = "iphoneos iphonesimulator";
				SUPPORTS_MACCATALYST = NO;
				SUPPORTS_MAC_DESIGNED_FOR_IPHONE_IPAD = NO;
				SWIFT_EMIT_LOC_STRINGS = YES;
				SWIFT_VERSION = 5.0;
				TARGETED_DEVICE_FAMILY = "1,2";
			};
			name = Debug;
		};
		58694FE02979050000817314 /* Release */ = {
			isa = XCBuildConfiguration;
			baseConfigurationReference = 96C17D911AB3536243F69688 /* Pods-BinPocket.release.xcconfig */;
			buildSettings = {
				ASSETCATALOG_COMPILER_APPICON_NAME = AppIcon;
				ASSETCATALOG_COMPILER_GLOBAL_ACCENT_COLOR_NAME = AccentColor;
				CODE_SIGN_STYLE = Automatic;
				CURRENT_PROJECT_VERSION = 1;
				DEVELOPMENT_TEAM = P95R3MRRWK;
				GENERATE_INFOPLIST_FILE = YES;
				INFOPLIST_FILE = BinPocket/Info.plist;
				INFOPLIST_KEY_UIApplicationSupportsIndirectInputEvents = YES;
				INFOPLIST_KEY_UILaunchStoryboardName = LaunchScreen;
				INFOPLIST_KEY_UIMainStoryboardFile = Main;
				INFOPLIST_KEY_UISupportedInterfaceOrientations_iPad = "UIInterfaceOrientationPortraitUpsideDown UIInterfaceOrientationPortrait UIInterfaceOrientationLandscapeLeft UIInterfaceOrientationLandscapeRight";
				INFOPLIST_KEY_UISupportedInterfaceOrientations_iPhone = "UIInterfaceOrientationPortrait UIInterfaceOrientationPortrait";
				IPHONEOS_DEPLOYMENT_TARGET = 16.0;
				LD_RUNPATH_SEARCH_PATHS = (
					"$(inherited)",
					"@executable_path/Frameworks",
				);
				MARKETING_VERSION = 1.1.1;
				PRODUCT_BUNDLE_IDENTIFIER = kr.Bin.BinPocket;
				PRODUCT_NAME = "$(TARGET_NAME)";
				SUPPORTED_PLATFORMS = "iphoneos iphonesimulator";
				SUPPORTS_MACCATALYST = NO;
				SUPPORTS_MAC_DESIGNED_FOR_IPHONE_IPAD = NO;
				SWIFT_EMIT_LOC_STRINGS = YES;
				SWIFT_VERSION = 5.0;
				TARGETED_DEVICE_FAMILY = "1,2";
			};
			name = Release;
		};
/* End XCBuildConfiguration section */

/* Begin XCConfigurationList section */
		58694FC5297904FF00817314 /* Build configuration list for PBXProject "BinPocket" */ = {
			isa = XCConfigurationList;
			buildConfigurations = (
				58694FDC2979050000817314 /* Debug */,
				58694FDD2979050000817314 /* Release */,
			);
			defaultConfigurationIsVisible = 0;
			defaultConfigurationName = Release;
		};
		58694FDE2979050000817314 /* Build configuration list for PBXNativeTarget "BinPocket" */ = {
			isa = XCConfigurationList;
			buildConfigurations = (
				58694FDF2979050000817314 /* Debug */,
				58694FE02979050000817314 /* Release */,
			);
			defaultConfigurationIsVisible = 0;
			defaultConfigurationName = Release;
		};
/* End XCConfigurationList section */
	};
	rootObject = 58694FC2297904FF00817314 /* Project object */;
}
